
Microsoft Visual Studio Solution File, Format Version 11.00
# Visual Studio 2010
Project("{FAE04EC0-301F-11D3-BF4B-00C04F79EFBC}") = "TwitterClient", "TwitterClient\TwitterClient.csproj", "{7C2D2067-9957-4452-BE7D-56CA0D7192B1}"
	ProjectSection(ProjectDependencies) = postProject
		{A0FAA78E-4BF3-49B6-A0B3-F4AF81770B6F} = {A0FAA78E-4BF3-49B6-A0B3-F4AF81770B6F}
	EndProjectSection
EndProject
Project("{F2A71F9B-5D33-465A-A702-920D77279786}") = "TwitterApi", "TwitterApi\TwitterApi.fsproj", "{A0FAA78E-4BF3-49B6-A0B3-F4AF81770B6F}"
EndProject
Project("{FAE04EC0-301F-11D3-BF4B-00C04F79EFBC}") = "UnitTest", "UnitTest\UnitTest.csproj", "{49FF3B6E-AB7B-4125-8B51-427933A936E3}"
	ProjectSection(ProjectDependencies) = postProject
		{7C2D2067-9957-4452-BE7D-56CA0D7192B1} = {7C2D2067-9957-4452-BE7D-56CA0D7192B1}
	EndProjectSection
EndProject
Project("{2150E333-8FDC-42A3-9474-1A3956D46DE8}") = "Solution Items", "Solution Items", "{C990F2FA-03B4-4893-BD1A-AB76B1334916}"
	ProjectSection(SolutionItems) = preProject
		Local.testsettings = Local.testsettings
		TraceAndTestImpact.testsettings = TraceAndTestImpact.testsettings
		TwitterClient.vsmdi = TwitterClient.vsmdi
	EndProjectSection
EndProject
Project("{FAE04EC0-301F-11D3-BF4B-00C04F79EFBC}") = "SlowTest", "SlowTest\SlowTest.csproj", "{A2DC6830-A0D0-4CAD-B2AC-BA00D78A0CD8}"
	ProjectSection(ProjectDependencies) = postProject
		{7C2D2067-9957-4452-BE7D-56CA0D7192B1} = {7C2D2067-9957-4452-BE7D-56CA0D7192B1}
		{A0FAA78E-4BF3-49B6-A0B3-F4AF81770B6F} = {A0FAA78E-4BF3-49B6-A0B3-F4AF81770B6F}
	EndProjectSection
EndProject
Global
	GlobalSection(TestCaseManagementSettings) = postSolution
		CategoryFile = TwitterClient.vsmdi
	EndGlobalSection
	GlobalSection(SolutionConfigurationPlatforms) = preSolution
		Debug|Any CPU = Debug|Any CPU
		Debug|Mixed Platforms = Debug|Mixed Platforms
		Debug|x86 = Debug|x86
		Release|Any CPU = Release|Any CPU
		Release|Mixed Platforms = Release|Mixed Platforms
		Release|x86 = Release|x86
	EndGlobalSection
	GlobalSection(ProjectConfigurationPlatforms) = postSolution
		{7C2D2067-9957-4452-BE7D-56CA0D7192B1}.Debug|Any CPU.ActiveCfg = Debug|x86
		{7C2D2067-9957-4452-BE7D-56CA0D7192B1}.Debug|Mixed Platforms.ActiveCfg = Debug|x86
		{7C2D2067-9957-4452-BE7D-56CA0D7192B1}.Debug|Mixed Platforms.Build.0 = Debug|x86
		{7C2D2067-9957-4452-BE7D-56CA0D7192B1}.Debug|x86.ActiveCfg = Debug|x86
		{7C2D2067-9957-4452-BE7D-56CA0D7192B1}.Debug|x86.Build.0 = Debug|x86
		{7C2D2067-9957-4452-BE7D-56CA0D7192B1}.Release|Any CPU.ActiveCfg = Release|x86
		{7C2D2067-9957-4452-BE7D-56CA0D7192B1}.Release|Mixed Platforms.ActiveCfg = Release|x86
		{7C2D2067-9957-4452-BE7D-56CA0D7192B1}.Release|Mixed Platforms.Build.0 = Release|x86
		{7C2D2067-9957-4452-BE7D-56CA0D7192B1}.Release|x86.ActiveCfg = Release|x86
		{7C2D2067-9957-4452-BE7D-56CA0D7192B1}.Release|x86.Build.0 = Release|x86
		{A0FAA78E-4BF3-49B6-A0B3-F4AF81770B6F}.Debug|Any CPU.ActiveCfg = Debug|Any CPU
		{A0FAA78E-4BF3-49B6-A0B3-F4AF81770B6F}.Debug|Any CPU.Build.0 = Debug|Any CPU
		{A0FAA78E-4BF3-49B6-A0B3-F4AF81770B6F}.Debug|Mixed Platforms.ActiveCfg = Debug|Any CPU
		{A0FAA78E-4BF3-49B6-A0B3-F4AF81770B6F}.Debug|Mixed Platforms.Build.0 = Debug|Any CPU
		{A0FAA78E-4BF3-49B6-A0B3-F4AF81770B6F}.Debug|x86.ActiveCfg = Debug|Any CPU
		{A0FAA78E-4BF3-49B6-A0B3-F4AF81770B6F}.Release|Any CPU.ActiveCfg = Release|Any CPU
		{A0FAA78E-4BF3-49B6-A0B3-F4AF81770B6F}.Release|Any CPU.Build.0 = Release|Any CPU
		{A0FAA78E-4BF3-49B6-A0B3-F4AF81770B6F}.Release|Mixed Platforms.ActiveCfg = Release|Any CPU
		{A0FAA78E-4BF3-49B6-A0B3-F4AF81770B6F}.Release|Mixed Platforms.Build.0 = Release|Any CPU
		{A0FAA78E-4BF3-49B6-A0B3-F4AF81770B6F}.Release|x86.ActiveCfg = Release|Any CPU
		{49FF3B6E-AB7B-4125-8B51-427933A936E3}.Debug|Any CPU.ActiveCfg = Debug|Any CPU
		{49FF3B6E-AB7B-4125-8B51-427933A936E3}.Debug|Any CPU.Build.0 = Debug|Any CPU
		{49FF3B6E-AB7B-4125-8B51-427933A936E3}.Debug|Mixed Platforms.ActiveCfg = Debug|Any CPU
		{49FF3B6E-AB7B-4125-8B51-427933A936E3}.Debug|Mixed Platforms.Build.0 = Debug|Any CPU
		{49FF3B6E-AB7B-4125-8B51-427933A936E3}.Debug|x86.ActiveCfg = Debug|Any CPU
		{49FF3B6E-AB7B-4125-8B51-427933A936E3}.Release|Any CPU.ActiveCfg = Release|Any CPU
		{49FF3B6E-AB7B-4125-8B51-427933A936E3}.Release|Any CPU.Build.0 = Release|Any CPU
		{49FF3B6E-AB7B-4125-8B51-427933A936E3}.Release|Mixed Platforms.ActiveCfg = Release|Any CPU
		{49FF3B6E-AB7B-4125-8B51-427933A936E3}.Release|Mixed Platforms.Build.0 = Release|Any CPU
		{49FF3B6E-AB7B-4125-8B51-427933A936E3}.Release|x86.ActiveCfg = Release|Any CPU
		{A2DC6830-A0D0-4CAD-B2AC-BA00D78A0CD8}.Debug|Any CPU.ActiveCfg = Debug|Any CPU
		{A2DC6830-A0D0-4CAD-B2AC-BA00D78A0CD8}.Debug|Any CPU.Build.0 = Debug|Any CPU
		{A2DC6830-A0D0-4CAD-B2AC-BA00D78A0CD8}.Debug|Mixed Platforms.ActiveCfg = Debug|Any CPU
		{A2DC6830-A0D0-4CAD-B2AC-BA00D78A0CD8}.Debug|Mixed Platforms.Build.0 = Debug|Any CPU
		{A2DC6830-A0D0-4CAD-B2AC-BA00D78A0CD8}.Debug|x86.ActiveCfg = Debug|Any CPU
		{A2DC6830-A0D0-4CAD-B2AC-BA00D78A0CD8}.Release|Any CPU.ActiveCfg = Release|Any CPU
		{A2DC6830-A0D0-4CAD-B2AC-BA00D78A0CD8}.Release|Any CPU.Build.0 = Release|Any CPU
		{A2DC6830-A0D0-4CAD-B2AC-BA00D78A0CD8}.Release|Mixed Platforms.ActiveCfg = Release|Any CPU
		{A2DC6830-A0D0-4CAD-B2AC-BA00D78A0CD8}.Release|Mixed Platforms.Build.0 = Release|Any CPU
		{A2DC6830-A0D0-4CAD-B2AC-BA00D78A0CD8}.Release|x86.ActiveCfg = Release|Any CPU
	EndGlobalSection
	GlobalSection(SolutionProperties) = preSolution
		HideSolutionNode = FALSE
	EndGlobalSection
EndGlobal
